
Microsoft Visual Studio Solution File, Format Version 12.00
# Visual Studio Version 16
VisualStudioVersion = 16.0.29728.190
MinimumVisualStudioVersion = 10.0.40219.1
Project("{FAE04EC0-301F-11D3-BF4B-00C04F79EFBC}") = "Snake", "Snake\Snake.csproj", "{7D785327-8CAA-4143-BA7C-19E7BB0C06CF}"
EndProject
Global
	GlobalSection(SolutionConfigurationPlatforms) = preSolution
		Debug|Any CPU = Debug|Any CPU
		Release|Any CPU = Release|Any CPU
	EndGlobalSection
	GlobalSection(ProjectConfigurationPlatforms) = postSolution
		{7D785327-8CAA-4143-BA7C-19E7BB0C06CF}.Debug|Any CPU.ActiveCfg = Debug|Any CPU
		{7D785327-8CAA-4143-BA7C-19E7BB0C06CF}.Debug|Any CPU.Build.0 = Debug|Any CPU
		{7D785327-8CAA-4143-BA7C-19E7BB0C06CF}.Release|Any CPU.ActiveCfg = Release|Any CPU
		{7D785327-8CAA-4143-BA7C-19E7BB0C06CF}.Release|Any CPU.Build.0 = Release|Any CPU
	EndGlobalSection
	GlobalSection(SolutionProperties) = preSolution
		HideSolutionNode = FALSE
	EndGlobalSection
	GlobalSection(ExtensibilityGlobals) = postSolution
		SolutionGuid = {5B45C4E0-A80F-4BB0-8D72-591BF7CDB807}
	EndGlobalSection
EndGlobal
